// !$*UTF8*$!
{
	archiveVersion = 1;
	classes = {
	};
	objectVersion = 50;
	objects = {

/* Begin PBXBuildFile section */
		934D1B7021222E6F00356C61 /* AppDelegate.swift in Sources */ = {isa = PBXBuildFile; fileRef = 934D1B6F21222E6F00356C61 /* AppDelegate.swift */; };
		934D1B7221222E6F00356C61 /* HomeViewController.swift in Sources */ = {isa = PBXBuildFile; fileRef = 934D1B7121222E6F00356C61 /* HomeViewController.swift */; };
		934D1B7521222E6F00356C61 /* Main.storyboard in Resources */ = {isa = PBXBuildFile; fileRef = 934D1B7321222E6F00356C61 /* Main.storyboard */; };
		934D1B7721222E7100356C61 /* Assets.xcassets in Resources */ = {isa = PBXBuildFile; fileRef = 934D1B7621222E7100356C61 /* Assets.xcassets */; };
		934D1B7A21222E7100356C61 /* LaunchScreen.storyboard in Resources */ = {isa = PBXBuildFile; fileRef = 934D1B7821222E7100356C61 /* LaunchScreen.storyboard */; };
		934D1B832122391B00356C61 /* UIView+NibFunctions.swift in Sources */ = {isa = PBXBuildFile; fileRef = 934D1B822122391B00356C61 /* UIView+NibFunctions.swift */; };
		934D1B8621223A4900356C61 /* SwipeDirection.swift in Sources */ = {isa = PBXBuildFile; fileRef = 934D1B8521223A4900356C61 /* SwipeDirection.swift */; };
		934D1B8821223CBD00356C61 /* SwipeViewDelegate.swift in Sources */ = {isa = PBXBuildFile; fileRef = 934D1B8721223CBD00356C61 /* SwipeViewDelegate.swift */; };
		934D1B8A21223F4A00356C61 /* CGPoint+SwipeFunctions.swift in Sources */ = {isa = PBXBuildFile; fileRef = 934D1B8921223F4A00356C61 /* CGPoint+SwipeFunctions.swift */; };
		934D1B8C2122420E00356C61 /* SwipeView.swift in Sources */ = {isa = PBXBuildFile; fileRef = 934D1B8B2122420E00356C61 /* SwipeView.swift */; };
		934D1B8F212268AF00356C61 /* RestaurantView.swift in Sources */ = {isa = PBXBuildFile; fileRef = 934D1B8E212268AF00356C61 /* RestaurantView.swift */; };
		934D1B91212268C400356C61 /* Restaurant.swift in Sources */ = {isa = PBXBuildFile; fileRef = 934D1B90212268C400356C61 /* Restaurant.swift */; };
		934D1B9321226DC500356C61 /* RestaurantDeck.swift in Sources */ = {isa = PBXBuildFile; fileRef = 934D1B9221226DC500356C61 /* RestaurantDeck.swift */; };
		934D1B9521226E7100356C61 /* RestaurantView.xib in Resources */ = {isa = PBXBuildFile; fileRef = 934D1B9421226E7100356C61 /* RestaurantView.xib */; };
		934D1B9721226FC100356C61 /* GradientView.swift in Sources */ = {isa = PBXBuildFile; fileRef = 934D1B9621226FC100356C61 /* GradientView.swift */; };
		937015222128CE1100C45080 /* RestaurantViewSwipeDelegate.swift in Sources */ = {isa = PBXBuildFile; fileRef = 937015212128CE1100C45080 /* RestaurantViewSwipeDelegate.swift */; };
/* End PBXBuildFile section */

/* Begin PBXFileReference section */
		934D1B6C21222E6F00356C61 /* Chow.app */ = {isa = PBXFileReference; explicitFileType = wrapper.application; includeInIndex = 0; path = Chow.app; sourceTree = BUILT_PRODUCTS_DIR; };
		934D1B6F21222E6F00356C61 /* AppDelegate.swift */ = {isa = PBXFileReference; lastKnownFileType = sourcecode.swift; path = AppDelegate.swift; sourceTree = "<group>"; };
		934D1B7121222E6F00356C61 /* HomeViewController.swift */ = {isa = PBXFileReference; lastKnownFileType = sourcecode.swift; path = HomeViewController.swift; sourceTree = "<group>"; };
		934D1B7421222E6F00356C61 /* Base */ = {isa = PBXFileReference; lastKnownFileType = file.storyboard; name = Base; path = Base.lproj/Main.storyboard; sourceTree = "<group>"; };
		934D1B7621222E7100356C61 /* Assets.xcassets */ = {isa = PBXFileReference; lastKnownFileType = folder.assetcatalog; path = Assets.xcassets; sourceTree = "<group>"; };
		934D1B7921222E7100356C61 /* Base */ = {isa = PBXFileReference; lastKnownFileType = file.storyboard; name = Base; path = Base.lproj/LaunchScreen.storyboard; sourceTree = "<group>"; };
		934D1B7B21222E7100356C61 /* Info.plist */ = {isa = PBXFileReference; lastKnownFileType = text.plist.xml; path = Info.plist; sourceTree = "<group>"; };
		934D1B822122391B00356C61 /* UIView+NibFunctions.swift */ = {isa = PBXFileReference; lastKnownFileType = sourcecode.swift; path = "UIView+NibFunctions.swift"; sourceTree = "<group>"; };
		934D1B8521223A4900356C61 /* SwipeDirection.swift */ = {isa = PBXFileReference; lastKnownFileType = sourcecode.swift; path = SwipeDirection.swift; sourceTree = "<group>"; };
		934D1B8721223CBD00356C61 /* SwipeViewDelegate.swift */ = {isa = PBXFileReference; lastKnownFileType = sourcecode.swift; path = SwipeViewDelegate.swift; sourceTree = "<group>"; };
		934D1B8921223F4A00356C61 /* CGPoint+SwipeFunctions.swift */ = {isa = PBXFileReference; lastKnownFileType = sourcecode.swift; path = "CGPoint+SwipeFunctions.swift"; sourceTree = "<group>"; };
		934D1B8B2122420E00356C61 /* SwipeView.swift */ = {isa = PBXFileReference; lastKnownFileType = sourcecode.swift; path = SwipeView.swift; sourceTree = "<group>"; };
		934D1B8E212268AF00356C61 /* RestaurantView.swift */ = {isa = PBXFileReference; lastKnownFileType = sourcecode.swift; path = RestaurantView.swift; sourceTree = "<group>"; };
		934D1B90212268C400356C61 /* Restaurant.swift */ = {isa = PBXFileReference; lastKnownFileType = sourcecode.swift; path = Restaurant.swift; sourceTree = "<group>"; };
		934D1B9221226DC500356C61 /* RestaurantDeck.swift */ = {isa = PBXFileReference; lastKnownFileType = sourcecode.swift; path = RestaurantDeck.swift; sourceTree = "<group>"; };
		934D1B9421226E7100356C61 /* RestaurantView.xib */ = {isa = PBXFileReference; lastKnownFileType = file.xib; path = RestaurantView.xib; sourceTree = "<group>"; };
		934D1B9621226FC100356C61 /* GradientView.swift */ = {isa = PBXFileReference; lastKnownFileType = sourcecode.swift; path = GradientView.swift; sourceTree = "<group>"; };
		937015212128CE1100C45080 /* RestaurantViewSwipeDelegate.swift */ = {isa = PBXFileReference; lastKnownFileType = sourcecode.swift; path = RestaurantViewSwipeDelegate.swift; sourceTree = "<group>"; };
/* End PBXFileReference section */

/* Begin PBXFrameworksBuildPhase section */
		934D1B6921222E6F00356C61 /* Frameworks */ = {
			isa = PBXFrameworksBuildPhase;
			buildActionMask = 2147483647;
			files = (
			);
			runOnlyForDeploymentPostprocessing = 0;
		};
/* End PBXFrameworksBuildPhase section */

/* Begin PBXGroup section */
		934D1B6321222E6F00356C61 = {
			isa = PBXGroup;
			children = (
				934D1B6E21222E6F00356C61 /* Chow */,
				934D1B6D21222E6F00356C61 /* Products */,
			);
			sourceTree = "<group>";
		};
		934D1B6D21222E6F00356C61 /* Products */ = {
			isa = PBXGroup;
			children = (
				934D1B6C21222E6F00356C61 /* Chow.app */,
			);
			name = Products;
			sourceTree = "<group>";
		};
		934D1B6E21222E6F00356C61 /* Chow */ = {
			isa = PBXGroup;
			children = (
				934D1B7B21222E7100356C61 /* Info.plist */,
				934D1B81212235CB00356C61 /* Supporting Files */,
				934D1B7621222E7100356C61 /* Assets.xcassets */,
				934D1B7121222E6F00356C61 /* HomeViewController.swift */,
				934D1B7321222E6F00356C61 /* Main.storyboard */,
				934D1B822122391B00356C61 /* UIView+NibFunctions.swift */,
				934D1B9621226FC100356C61 /* GradientView.swift */,
				934D1B8D2122688D00356C61 /* Restaurant */,
				934D1B8421223A3500356C61 /* SwipeView */,
			);
			path = Chow;
			sourceTree = "<group>";
		};
		934D1B81212235CB00356C61 /* Supporting Files */ = {
			isa = PBXGroup;
			children = (
				934D1B6F21222E6F00356C61 /* AppDelegate.swift */,
				934D1B7821222E7100356C61 /* LaunchScreen.storyboard */,
			);
			path = "Supporting Files";
			sourceTree = "<group>";
		};
		934D1B8421223A3500356C61 /* SwipeView */ = {
			isa = PBXGroup;
			children = (
				934D1B8521223A4900356C61 /* SwipeDirection.swift */,
				934D1B8B2122420E00356C61 /* SwipeView.swift */,
				934D1B8721223CBD00356C61 /* SwipeViewDelegate.swift */,
				934D1B8921223F4A00356C61 /* CGPoint+SwipeFunctions.swift */,
			);
			path = SwipeView;
			sourceTree = "<group>";
		};
		934D1B8D2122688D00356C61 /* Restaurant */ = {
			isa = PBXGroup;
			children = (
				934D1B90212268C400356C61 /* Restaurant.swift */,
				934D1B9221226DC500356C61 /* RestaurantDeck.swift */,
				934D1B8E212268AF00356C61 /* RestaurantView.swift */,
				934D1B9421226E7100356C61 /* RestaurantView.xib */,
				937015212128CE1100C45080 /* RestaurantViewSwipeDelegate.swift */,
			);
			path = Restaurant;
			sourceTree = "<group>";
		};
/* End PBXGroup section */

/* Begin PBXNativeTarget section */
		934D1B6B21222E6F00356C61 /* Chow */ = {
			isa = PBXNativeTarget;
			buildConfigurationList = 934D1B7E21222E7100356C61 /* Build configuration list for PBXNativeTarget "Chow" */;
			buildPhases = (
				934D1B6821222E6F00356C61 /* Sources */,
				934D1B6921222E6F00356C61 /* Frameworks */,
				934D1B6A21222E6F00356C61 /* Resources */,
			);
			buildRules = (
			);
			dependencies = (
			);
			name = Chow;
			productName = Chow;
			productReference = 934D1B6C21222E6F00356C61 /* Chow.app */;
			productType = "com.apple.product-type.application";
		};
/* End PBXNativeTarget section */

/* Begin PBXProject section */
		934D1B6421222E6F00356C61 /* Project object */ = {
			isa = PBXProject;
			attributes = {
				LastSwiftUpdateCheck = 0940;
				LastUpgradeCheck = 0940;
				ORGANIZATIONNAME = "Grant Campfield";
				TargetAttributes = {
					934D1B6B21222E6F00356C61 = {
						CreatedOnToolsVersion = 9.4.1;
					};
				};
			};
			buildConfigurationList = 934D1B6721222E6F00356C61 /* Build configuration list for PBXProject "Chow" */;
			compatibilityVersion = "Xcode 9.3";
			developmentRegion = en;
			hasScannedForEncodings = 0;
			knownRegions = (
				en,
				Base,
			);
			mainGroup = 934D1B6321222E6F00356C61;
			productRefGroup = 934D1B6D21222E6F00356C61 /* Products */;
			projectDirPath = "";
			projectRoot = "";
			targets = (
				934D1B6B21222E6F00356C61 /* Chow */,
			);
		};
/* End PBXProject section */

/* Begin PBXResourcesBuildPhase section */
		934D1B6A21222E6F00356C61 /* Resources */ = {
			isa = PBXResourcesBuildPhase;
			buildActionMask = 2147483647;
			files = (
				934D1B7A21222E7100356C61 /* LaunchScreen.storyboard in Resources */,
				934D1B7721222E7100356C61 /* Assets.xcassets in Resources */,
				934D1B7521222E6F00356C61 /* Main.storyboard in Resources */,
				934D1B9521226E7100356C61 /* RestaurantView.xib in Resources */,
			);
			runOnlyForDeploymentPostprocessing = 0;
		};
/* End PBXResourcesBuildPhase section */

/* Begin PBXSourcesBuildPhase section */
		934D1B6821222E6F00356C61 /* Sources */ = {
			isa = PBXSourcesBuildPhase;
			buildActionMask = 2147483647;
			files = (
				934D1B7221222E6F00356C61 /* HomeViewController.swift in Sources */,
				937015222128CE1100C45080 /* RestaurantViewSwipeDelegate.swift in Sources */,
				934D1B8621223A4900356C61 /* SwipeDirection.swift in Sources */,
				934D1B9721226FC100356C61 /* GradientView.swift in Sources */,
				934D1B7021222E6F00356C61 /* AppDelegate.swift in Sources */,
				934D1B8F212268AF00356C61 /* RestaurantView.swift in Sources */,
				934D1B8C2122420E00356C61 /* SwipeView.swift in Sources */,
				934D1B8821223CBD00356C61 /* SwipeViewDelegate.swift in Sources */,
				934D1B832122391B00356C61 /* UIView+NibFunctions.swift in Sources */,
				934D1B8A21223F4A00356C61 /* CGPoint+SwipeFunctions.swift in Sources */,
				934D1B91212268C400356C61 /* Restaurant.swift in Sources */,
				934D1B9321226DC500356C61 /* RestaurantDeck.swift in Sources */,
			);
			runOnlyForDeploymentPostprocessing = 0;
		};
/* End PBXSourcesBuildPhase section */

/* Begin PBXVariantGroup section */
		934D1B7321222E6F00356C61 /* Main.storyboard */ = {
			isa = PBXVariantGroup;
			children = (
				934D1B7421222E6F00356C61 /* Base */,
			);
			name = Main.storyboard;
			sourceTree = "<group>";
		};
		934D1B7821222E7100356C61 /* LaunchScreen.storyboard */ = {
			isa = PBXVariantGroup;
			children = (
				934D1B7921222E7100356C61 /* Base */,
			);
			name = LaunchScreen.storyboard;
			sourceTree = "<group>";
		};
/* End PBXVariantGroup section */

/* Begin XCBuildConfiguration section */
		934D1B7C21222E7100356C61 /* Debug */ = {
			isa = XCBuildConfiguration;
			buildSettings = {
				ALWAYS_SEARCH_USER_PATHS = NO;
				CLANG_ANALYZER_NONNULL = YES;
				CLANG_ANALYZER_NUMBER_OBJECT_CONVERSION = YES_AGGRESSIVE;
				CLANG_CXX_LANGUAGE_STANDARD = "gnu++14";
				CLANG_CXX_LIBRARY = "libc++";
				CLANG_ENABLE_MODULES = YES;
				CLANG_ENABLE_OBJC_ARC = YES;
				CLANG_ENABLE_OBJC_WEAK = YES;
				CLANG_WARN_BLOCK_CAPTURE_AUTORELEASING = YES;
				CLANG_WARN_BOOL_CONVERSION = YES;
				CLANG_WARN_COMMA = YES;
				CLANG_WARN_CONSTANT_CONVERSION = YES;
				CLANG_WARN_DEPRECATED_OBJC_IMPLEMENTATIONS = YES;
				CLANG_WARN_DIRECT_OBJC_ISA_USAGE = YES_ERROR;
				CLANG_WARN_DOCUMENTATION_COMMENTS = YES;
				CLANG_WARN_EMPTY_BODY = YES;
				CLANG_WARN_ENUM_CONVERSION = YES;
				CLANG_WARN_INFINITE_RECURSION = YES;
				CLANG_WARN_INT_CONVERSION = YES;
				CLANG_WARN_NON_LITERAL_NULL_CONVERSION = YES;
				CLANG_WARN_OBJC_IMPLICIT_RETAIN_SELF = YES;
				CLANG_WARN_OBJC_LITERAL_CONVERSION = YES;
				CLANG_WARN_OBJC_ROOT_CLASS = YES_ERROR;
				CLANG_WARN_RANGE_LOOP_ANALYSIS = YES;
				CLANG_WARN_STRICT_PROTOTYPES = YES;
				CLANG_WARN_SUSPICIOUS_MOVE = YES;
				CLANG_WARN_UNGUARDED_AVAILABILITY = YES_AGGRESSIVE;
				CLANG_WARN_UNREACHABLE_CODE = YES;
				CLANG_WARN__DUPLICATE_METHOD_MATCH = YES;
				CODE_SIGN_IDENTITY = "iPhone Developer";
				COPY_PHASE_STRIP = NO;
				DEBUG_INFORMATION_FORMAT = dwarf;
				ENABLE_STRICT_OBJC_MSGSEND = YES;
				ENABLE_TESTABILITY = YES;
				GCC_C_LANGUAGE_STANDARD = gnu11;
				GCC_DYNAMIC_NO_PIC = NO;
				GCC_NO_COMMON_BLOCKS = YES;
				GCC_OPTIMIZATION_LEVEL = 0;
				GCC_PREPROCESSOR_DEFINITIONS = (
					"DEBUG=1",
					"$(inherited)",
				);
				GCC_WARN_64_TO_32_BIT_CONVERSION = YES;
				GCC_WARN_ABOUT_RETURN_TYPE = YES_ERROR;
				GCC_WARN_UNDECLARED_SELECTOR = YES;
				GCC_WARN_UNINITIALIZED_AUTOS = YES_AGGRESSIVE;
				GCC_WARN_UNUSED_FUNCTION = YES;
				GCC_WARN_UNUSED_VARIABLE = YES;
				IPHONEOS_DEPLOYMENT_TARGET = 11.4;
				MTL_ENABLE_DEBUG_INFO = YES;
				ONLY_ACTIVE_ARCH = YES;
				SDKROOT = iphoneos;
				SWIFT_ACTIVE_COMPILATION_CONDITIONS = DEBUG;
				SWIFT_OPTIMIZATION_LEVEL = "-Onone";
			};
			name = Debug;
		};
		934D1B7D21222E7100356C61 /* Release */ = {
			isa = XCBuildConfiguration;
			buildSettings = {
				ALWAYS_SEARCH_USER_PATHS = NO;
				CLANG_ANALYZER_NONNULL = YES;
				CLANG_ANALYZER_NUMBER_OBJECT_CONVERSION = YES_AGGRESSIVE;
				CLANG_CXX_LANGUAGE_STANDARD = "gnu++14";
				CLANG_CXX_LIBRARY = "libc++";
				CLANG_ENABLE_MODULES = YES;
				CLANG_ENABLE_OBJC_ARC = YES;
				CLANG_ENABLE_OBJC_WEAK = YES;
				CLANG_WARN_BLOCK_CAPTURE_AUTORELEASING = YES;
				CLANG_WARN_BOOL_CONVERSION = YES;
				CLANG_WARN_COMMA = YES;
				CLANG_WARN_CONSTANT_CONVERSION = YES;
				CLANG_WARN_DEPRECATED_OBJC_IMPLEMENTATIONS = YES;
				CLANG_WARN_DIRECT_OBJC_ISA_USAGE = YES_ERROR;
				CLANG_WARN_DOCUMENTATION_COMMENTS = YES;
				CLANG_WARN_EMPTY_BODY = YES;
				CLANG_WARN_ENUM_CONVERSION = YES;
				CLANG_WARN_INFINITE_RECURSION = YES;
				CLANG_WARN_INT_CONVERSION = YES;
				CLANG_WARN_NON_LITERAL_NULL_CONVERSION = YES;
				CLANG_WARN_OBJC_IMPLICIT_RETAIN_SELF = YES;
				CLANG_WARN_OBJC_LITERAL_CONVERSION = YES;
				CLANG_WARN_OBJC_ROOT_CLASS = YES_ERROR;
				CLANG_WARN_RANGE_LOOP_ANALYSIS = YES;
				CLANG_WARN_STRICT_PROTOTYPES = YES;
				CLANG_WARN_SUSPICIOUS_MOVE = YES;
				CLANG_WARN_UNGUARDED_AVAILABILITY = YES_AGGRESSIVE;
				CLANG_WARN_UNREACHABLE_CODE = YES;
				CLANG_WARN__DUPLICATE_METHOD_MATCH = YES;
				CODE_SIGN_IDENTITY = "iPhone Developer";
				COPY_PHASE_STRIP = NO;
				DEBUG_INFORMATION_FORMAT = "dwarf-with-dsym";
				ENABLE_NS_ASSERTIONS = NO;
				ENABLE_STRICT_OBJC_MSGSEND = YES;
				GCC_C_LANGUAGE_STANDARD = gnu11;
				GCC_NO_COMMON_BLOCKS = YES;
				GCC_WARN_64_TO_32_BIT_CONVERSION = YES;
				GCC_WARN_ABOUT_RETURN_TYPE = YES_ERROR;
				GCC_WARN_UNDECLARED_SELECTOR = YES;
				GCC_WARN_UNINITIALIZED_AUTOS = YES_AGGRESSIVE;
				GCC_WARN_UNUSED_FUNCTION = YES;
				GCC_WARN_UNUSED_VARIABLE = YES;
				IPHONEOS_DEPLOYMENT_TARGET = 11.4;
				MTL_ENABLE_DEBUG_INFO = NO;
				SDKROOT = iphoneos;
				SWIFT_COMPILATION_MODE = wholemodule;
				SWIFT_OPTIMIZATION_LEVEL = "-O";
				VALIDATE_PRODUCT = YES;
			};
			name = Release;
		};
		934D1B7F21222E7100356C61 /* Debug */ = {
			isa = XCBuildConfiguration;
			buildSettings = {
				ASSETCATALOG_COMPILER_APPICON_NAME = AppIcon;
				CODE_SIGN_STYLE = Automatic;
				DEVELOPMENT_TEAM = BD68D233X4;
				INFOPLIST_FILE = Chow/Info.plist;
				LD_RUNPATH_SEARCH_PATHS = (
					"$(inherited)",
					"@executable_path/Frameworks",
				);
				PRODUCT_BUNDLE_IDENTIFIER = gcampfield.Chow;
				PRODUCT_NAME = "$(TARGET_NAME)";
				SWIFT_VERSION = 4.0;
				TARGETED_DEVICE_FAMILY = "1,2";
			};
			name = Debug;
		};
		934D1B8021222E7100356C61 /* Release */ = {
			isa = XCBuildConfiguration;
			buildSettings = {
				ASSETCATALOG_COMPILER_APPICON_NAME = AppIcon;
				CODE_SIGN_STYLE = Automatic;
				DEVELOPMENT_TEAM = BD68D233X4;
				INFOPLIST_FILE = Chow/Info.plist;
				LD_RUNPATH_SEARCH_PATHS = (
					"$(inherited)",
					"@executable_path/Frameworks",
				);
				PRODUCT_BUNDLE_IDENTIFIER = gcampfield.Chow;
				PRODUCT_NAME = "$(TARGET_NAME)";
				SWIFT_VERSION = 4.0;
				TARGETED_DEVICE_FAMILY = "1,2";
			};
			name = Release;
		};
/* End XCBuildConfiguration section */

/* Begin XCConfigurationList section */
		934D1B6721222E6F00356C61 /* Build configuration list for PBXProject "Chow" */ = {
			isa = XCConfigurationList;
			buildConfigurations = (
				934D1B7C21222E7100356C61 /* Debug */,
				934D1B7D21222E7100356C61 /* Release */,
			);
			defaultConfigurationIsVisible = 0;
			defaultConfigurationName = Release;
		};
		934D1B7E21222E7100356C61 /* Build configuration list for PBXNativeTarget "Chow" */ = {
			isa = XCConfigurationList;
			buildConfigurations = (
				934D1B7F21222E7100356C61 /* Debug */,
				934D1B8021222E7100356C61 /* Release */,
			);
			defaultConfigurationIsVisible = 0;
			defaultConfigurationName = Release;
		};
/* End XCConfigurationList section */
	};
	rootObject = 934D1B6421222E6F00356C61 /* Project object */;
}
